
Microsoft Visual Studio Solution File, Format Version 12.00
# Visual Studio Version 16
VisualStudioVersion = 16.0.29709.97
MinimumVisualStudioVersion = 10.0.40219.1
Project("{FAE04EC0-301F-11D3-BF4B-00C04F79EFBC}") = "Web_First", "Web_First\Web_First.csproj", "{7DC144C4-F8E9-4D47-9756-79FAE3387F5E}"
EndProject
Global
	GlobalSection(SolutionConfigurationPlatforms) = preSolution
		Debug|Any CPU = Debug|Any CPU
		Release|Any CPU = Release|Any CPU
	EndGlobalSection
	GlobalSection(ProjectConfigurationPlatforms) = postSolution
		{7DC144C4-F8E9-4D47-9756-79FAE3387F5E}.Debug|Any CPU.ActiveCfg = Debug|Any CPU
		{7DC144C4-F8E9-4D47-9756-79FAE3387F5E}.Debug|Any CPU.Build.0 = Debug|Any CPU
		{7DC144C4-F8E9-4D47-9756-79FAE3387F5E}.Release|Any CPU.ActiveCfg = Release|Any CPU
		{7DC144C4-F8E9-4D47-9756-79FAE3387F5E}.Release|Any CPU.Build.0 = Release|Any CPU
	EndGlobalSection
	GlobalSection(SolutionProperties) = preSolution
		HideSolutionNode = FALSE
	EndGlobalSection
	GlobalSection(ExtensibilityGlobals) = postSolution
		SolutionGuid = {E39B4FA1-4088-4331-9051-DF0AD816A6FE}
	EndGlobalSection
EndGlobal
